// !$*UTF8*$!
{
	archiveVersion = 1;
	classes = {
	};
	objectVersion = 77;
	objects = {

/* Begin PBXBuildFile section */
		C4D74EB12E3608B5005E3CD7 /* Sparkle in Frameworks */ = {isa = PBXBuildFile; productRef = C4D74EB02E3608B5005E3CD7 /* Sparkle */; };
		C4EBF0022DBDF82000FC5824 /* GRDB in Frameworks */ = {isa = PBXBuildFile; productRef = C4EBF0012DBDF82000FC5824 /* GRDB */; };
/* End PBXBuildFile section */

/* Begin PBXContainerItemProxy section */
		C4C1D2B32DB56806007D5A55 /* PBXContainerItemProxy */ = {
			isa = PBXContainerItemProxy;
			containerPortal = C4C1D2992DB56805007D5A55 /* Project object */;
			proxyType = 1;
			remoteGlobalIDString = C4C1D2A02DB56805007D5A55;
			remoteInfo = Dayflow;
		};
		C4C1D2BD2DB56806007D5A55 /* PBXContainerItemProxy */ = {
			isa = PBXContainerItemProxy;
			containerPortal = C4C1D2992DB56805007D5A55 /* Project object */;
			proxyType = 1;
			remoteGlobalIDString = C4C1D2A02DB56805007D5A55;
			remoteInfo = Dayflow;
		};
/* End PBXContainerItemProxy section */

/* Begin PBXFileReference section */
		C4C1D2A12DB56805007D5A55 /* Dayflow.app */ = {isa = PBXFileReference; explicitFileType = wrapper.application; includeInIndex = 0; path = Dayflow.app; sourceTree = BUILT_PRODUCTS_DIR; };
		C4C1D2B22DB56806007D5A55 /* DayflowTests.xctest */ = {isa = PBXFileReference; explicitFileType = wrapper.cfbundle; includeInIndex = 0; path = DayflowTests.xctest; sourceTree = BUILT_PRODUCTS_DIR; };
		C4C1D2BC2DB56806007D5A55 /* DayflowUITests.xctest */ = {isa = PBXFileReference; explicitFileType = wrapper.cfbundle; includeInIndex = 0; path = DayflowUITests.xctest; sourceTree = BUILT_PRODUCTS_DIR; };
/* End PBXFileReference section */

/* Begin PBXFileSystemSynchronizedRootGroup section */
		C4C1D2A32DB56805007D5A55 /* Dayflow */ = {
			isa = PBXFileSystemSynchronizedRootGroup;
			path = Dayflow;
			sourceTree = "<group>";
		};
		FEFD599FBA059B170B03FA5E /* DayflowTests */ = {
			isa = PBXFileSystemSynchronizedRootGroup;
			path = DayflowTests;
			sourceTree = "<group>";
		};
/* End PBXFileSystemSynchronizedRootGroup section */

/* Begin PBXFrameworksBuildPhase section */
		C4C1D29E2DB56805007D5A55 /* Frameworks */ = {
			isa = PBXFrameworksBuildPhase;
			buildActionMask = 2147483647;
			files = (
				C4EBF0022DBDF82000FC5824 /* GRDB in Frameworks */,
				C4D74EB12E3608B5005E3CD7 /* Sparkle in Frameworks */,
			);
			runOnlyForDeploymentPostprocessing = 0;
		};
		C4C1D2AF2DB56806007D5A55 /* Frameworks */ = {
			isa = PBXFrameworksBuildPhase;
			buildActionMask = 2147483647;
			files = (
			);
			runOnlyForDeploymentPostprocessing = 0;
		};
		C4C1D2B92DB56806007D5A55 /* Frameworks */ = {
			isa = PBXFrameworksBuildPhase;
			buildActionMask = 2147483647;
			files = (
			);
			runOnlyForDeploymentPostprocessing = 0;
		};
/* End PBXFrameworksBuildPhase section */

/* Begin PBXGroup section */
		C4C1D2982DB56805007D5A55 = {
			isa = PBXGroup;
			children = (
				C4C1D2A32DB56805007D5A55 /* Dayflow */,
				FEFD599FBA059B170B03FA5E /* DayflowTests */,
				C4C1D2A22DB56805007D5A55 /* Products */,
			);
			sourceTree = "<group>";
		};
		C4C1D2A22DB56805007D5A55 /* Products */ = {
			isa = PBXGroup;
			children = (
				C4C1D2A12DB56805007D5A55 /* Dayflow.app */,
				C4C1D2B22DB56806007D5A55 /* DayflowTests.xctest */,
				C4C1D2BC2DB56806007D5A55 /* DayflowUITests.xctest */,
			);
			name = Products;
			sourceTree = "<group>";
		};
/* End PBXGroup section */

/* Begin PBXNativeTarget section */
		C4C1D2A02DB56805007D5A55 /* Dayflow */ = {
			isa = PBXNativeTarget;
			buildConfigurationList = C4C1D2C62DB56806007D5A55 /* Build configuration list for PBXNativeTarget "Dayflow" */;
			buildPhases = (
				C4C1D29D2DB56805007D5A55 /* Sources */,
				C4C1D29E2DB56805007D5A55 /* Frameworks */,
				C4C1D29F2DB56805007D5A55 /* Resources */,
			);
			buildRules = (
			);
			dependencies = (
			);
			fileSystemSynchronizedGroups = (
				C4C1D2A32DB56805007D5A55 /* Dayflow */,
			);
			name = Dayflow;
			packageProductDependencies = (
				C4EBF0012DBDF82000FC5824 /* GRDB */,
				C4D74EB02E3608B5005E3CD7 /* Sparkle */,
			);
			productName = Dayflow;
			productReference = C4C1D2A12DB56805007D5A55 /* Dayflow.app */;
			productType = "com.apple.product-type.application";
		};
		C4C1D2B12DB56806007D5A55 /* DayflowTests */ = {
			isa = PBXNativeTarget;
			buildConfigurationList = C4C1D2C92DB56806007D5A55 /* Build configuration list for PBXNativeTarget "DayflowTests" */;
			buildPhases = (
				C4C1D2AE2DB56806007D5A55 /* Sources */,
				C4C1D2AF2DB56806007D5A55 /* Frameworks */,
				C4C1D2B02DB56806007D5A55 /* Resources */,
			);
			buildRules = (
			);
			dependencies = (
				C4C1D2B42DB56806007D5A55 /* PBXTargetDependency */,
			);
			fileSystemSynchronizedGroups = (
				FEFD599FBA059B170B03FA5E /* DayflowTests */,
			);
			name = DayflowTests;
			packageProductDependencies = (
			);
			productName = DayflowTests;
			productReference = C4C1D2B22DB56806007D5A55 /* DayflowTests.xctest */;
			productType = "com.apple.product-type.bundle.unit-test";
		};
		C4C1D2BB2DB56806007D5A55 /* DayflowUITests */ = {
			isa = PBXNativeTarget;
			buildConfigurationList = C4C1D2CC2DB56806007D5A55 /* Build configuration list for PBXNativeTarget "DayflowUITests" */;
			buildPhases = (
				C4C1D2B82DB56806007D5A55 /* Sources */,
				C4C1D2B92DB56806007D5A55 /* Frameworks */,
				C4C1D2BA2DB56806007D5A55 /* Resources */,
			);
			buildRules = (
			);
			dependencies = (
				C4C1D2BE2DB56806007D5A55 /* PBXTargetDependency */,
			);
			name = DayflowUITests;
			packageProductDependencies = (
			);
			productName = DayflowUITests;
			productReference = C4C1D2BC2DB56806007D5A55 /* DayflowUITests.xctest */;
			productType = "com.apple.product-type.bundle.ui-testing";
		};
/* End PBXNativeTarget section */

/* Begin PBXProject section */
		C4C1D2992DB56805007D5A55 /* Project object */ = {
			isa = PBXProject;
			attributes = {
				BuildIndependentTargetsInParallel = 1;
				LastSwiftUpdateCheck = 1620;
				LastUpgradeCheck = 1620;
				TargetAttributes = {
					C4C1D2A02DB56805007D5A55 = {
						CreatedOnToolsVersion = 16.2;
					};
					C4C1D2B12DB56806007D5A55 = {
						CreatedOnToolsVersion = 16.2;
						TestTargetID = C4C1D2A02DB56805007D5A55;
					};
					C4C1D2BB2DB56806007D5A55 = {
						CreatedOnToolsVersion = 16.2;
						TestTargetID = C4C1D2A02DB56805007D5A55;
					};
				};
			};
			buildConfigurationList = C4C1D29C2DB56805007D5A55 /* Build configuration list for PBXProject "Dayflow" */;
			developmentRegion = en;
			hasScannedForEncodings = 0;
			knownRegions = (
				en,
				Base,
			);
			mainGroup = C4C1D2982DB56805007D5A55;
			minimizedProjectReferenceProxies = 1;
			packageReferences = (
				C4EBF0002DBDF82000FC5824 /* XCRemoteSwiftPackageReference "GRDB" */,
				C4D74EAF2E3608B5005E3CD7 /* XCRemoteSwiftPackageReference "Sparkle" */,
			);
			preferredProjectObjectVersion = 77;
			productRefGroup = C4C1D2A22DB56805007D5A55 /* Products */;
			projectDirPath = "";
			projectRoot = "";
			targets = (
				C4C1D2A02DB56805007D5A55 /* Dayflow */,
				C4C1D2B12DB56806007D5A55 /* DayflowTests */,
				C4C1D2BB2DB56806007D5A55 /* DayflowUITests */,
			);
		};
/* End PBXProject section */

/* Begin PBXResourcesBuildPhase section */
		C4C1D29F2DB56805007D5A55 /* Resources */ = {
			isa = PBXResourcesBuildPhase;
			buildActionMask = 2147483647;
			files = (
			);
			runOnlyForDeploymentPostprocessing = 0;
		};
		C4C1D2B02DB56806007D5A55 /* Resources */ = {
			isa = PBXResourcesBuildPhase;
			buildActionMask = 2147483647;
			files = (
			);
			runOnlyForDeploymentPostprocessing = 0;
		};
		C4C1D2BA2DB56806007D5A55 /* Resources */ = {
			isa = PBXResourcesBuildPhase;
			buildActionMask = 2147483647;
			files = (
			);
			runOnlyForDeploymentPostprocessing = 0;
		};
/* End PBXResourcesBuildPhase section */

/* Begin PBXSourcesBuildPhase section */
		C4C1D29D2DB56805007D5A55 /* Sources */ = {
			isa = PBXSourcesBuildPhase;
			buildActionMask = 2147483647;
			files = (
			);
			runOnlyForDeploymentPostprocessing = 0;
		};
		C4C1D2AE2DB56806007D5A55 /* Sources */ = {
			isa = PBXSourcesBuildPhase;
			buildActionMask = 2147483647;
			files = (
			);
			runOnlyForDeploymentPostprocessing = 0;
		};
		C4C1D2B82DB56806007D5A55 /* Sources */ = {
			isa = PBXSourcesBuildPhase;
			buildActionMask = 2147483647;
			files = (
			);
			runOnlyForDeploymentPostprocessing = 0;
		};
/* End PBXSourcesBuildPhase section */

/* Begin PBXTargetDependency section */
		C4C1D2B42DB56806007D5A55 /* PBXTargetDependency */ = {
			isa = PBXTargetDependency;
			target = C4C1D2A02DB56805007D5A55 /* Dayflow */;
			targetProxy = C4C1D2B32DB56806007D5A55 /* PBXContainerItemProxy */;
		};
		C4C1D2BE2DB56806007D5A55 /* PBXTargetDependency */ = {
			isa = PBXTargetDependency;
			target = C4C1D2A02DB56805007D5A55 /* Dayflow */;
			targetProxy = C4C1D2BD2DB56806007D5A55 /* PBXContainerItemProxy */;
		};
/* End PBXTargetDependency section */

/* Begin XCBuildConfiguration section */
		C4C1D2C42DB56806007D5A55 /* Debug */ = {
			isa = XCBuildConfiguration;
			buildSettings = {
				ALWAYS_SEARCH_USER_PATHS = NO;
				ASSETCATALOG_COMPILER_GENERATE_SWIFT_ASSET_SYMBOL_EXTENSIONS = YES;
				CLANG_ANALYZER_NONNULL = YES;
				CLANG_ANALYZER_NUMBER_OBJECT_CONVERSION = YES_AGGRESSIVE;
				CLANG_CXX_LANGUAGE_STANDARD = "gnu++20";
				CLANG_ENABLE_MODULES = YES;
				CLANG_ENABLE_OBJC_ARC = YES;
				CLANG_ENABLE_OBJC_WEAK = YES;
				CLANG_WARN_BLOCK_CAPTURE_AUTORELEASING = YES;
				CLANG_WARN_BOOL_CONVERSION = YES;
				CLANG_WARN_COMMA = YES;
				CLANG_WARN_CONSTANT_CONVERSION = YES;
				CLANG_WARN_DEPRECATED_OBJC_IMPLEMENTATIONS = YES;
				CLANG_WARN_DIRECT_OBJC_ISA_USAGE = YES_ERROR;
				CLANG_WARN_DOCUMENTATION_COMMENTS = YES;
				CLANG_WARN_EMPTY_BODY = YES;
				CLANG_WARN_ENUM_CONVERSION = YES;
				CLANG_WARN_INFINITE_RECURSION = YES;
				CLANG_WARN_INT_CONVERSION = YES;
				CLANG_WARN_NON_LITERAL_NULL_CONVERSION = YES;
				CLANG_WARN_OBJC_IMPLICIT_RETAIN_SELF = YES;
				CLANG_WARN_OBJC_LITERAL_CONVERSION = YES;
				CLANG_WARN_OBJC_ROOT_CLASS = YES_ERROR;
				CLANG_WARN_QUOTED_INCLUDE_IN_FRAMEWORK_HEADER = YES;
				CLANG_WARN_RANGE_LOOP_ANALYSIS = YES;
				CLANG_WARN_STRICT_PROTOTYPES = YES;
				CLANG_WARN_SUSPICIOUS_MOVE = YES;
				CLANG_WARN_UNGUARDED_AVAILABILITY = YES_AGGRESSIVE;
				CLANG_WARN_UNREACHABLE_CODE = YES;
				CLANG_WARN__DUPLICATE_METHOD_MATCH = YES;
				COPY_PHASE_STRIP = NO;
				DEBUG_INFORMATION_FORMAT = dwarf;
				ENABLE_STRICT_OBJC_MSGSEND = YES;
				ENABLE_TESTABILITY = YES;
				ENABLE_USER_SCRIPT_SANDBOXING = YES;
				GCC_C_LANGUAGE_STANDARD = gnu17;
				GCC_DYNAMIC_NO_PIC = NO;
				GCC_NO_COMMON_BLOCKS = YES;
				GCC_OPTIMIZATION_LEVEL = 0;
				GCC_PREPROCESSOR_DEFINITIONS = (
					"DEBUG=1",
					"$(inherited)",
				);
				GCC_WARN_64_TO_32_BIT_CONVERSION = YES;
				GCC_WARN_ABOUT_RETURN_TYPE = YES_ERROR;
				GCC_WARN_UNDECLARED_SELECTOR = YES;
				GCC_WARN_UNINITIALIZED_AUTOS = YES_AGGRESSIVE;
				GCC_WARN_UNUSED_FUNCTION = YES;
				GCC_WARN_UNUSED_VARIABLE = YES;
				LOCALIZATION_PREFERS_STRING_CATALOGS = YES;
				MACOSX_DEPLOYMENT_TARGET = 15.1;
				MTL_ENABLE_DEBUG_INFO = INCLUDE_SOURCE;
				MTL_FAST_MATH = YES;
				ONLY_ACTIVE_ARCH = YES;
				SDKROOT = macosx;
				SWIFT_ACTIVE_COMPILATION_CONDITIONS = "DEBUG $(inherited)";
				SWIFT_OPTIMIZATION_LEVEL = "-Onone";
			};
			name = Debug;
		};
		C4C1D2C52DB56806007D5A55 /* Release */ = {
			isa = XCBuildConfiguration;
			buildSettings = {
				ALWAYS_SEARCH_USER_PATHS = NO;
				ASSETCATALOG_COMPILER_GENERATE_SWIFT_ASSET_SYMBOL_EXTENSIONS = YES;
				CLANG_ANALYZER_NONNULL = YES;
				CLANG_ANALYZER_NUMBER_OBJECT_CONVERSION = YES_AGGRESSIVE;
				CLANG_CXX_LANGUAGE_STANDARD = "gnu++20";
				CLANG_ENABLE_MODULES = YES;
				CLANG_ENABLE_OBJC_ARC = YES;
				CLANG_ENABLE_OBJC_WEAK = YES;
				CLANG_WARN_BLOCK_CAPTURE_AUTORELEASING = YES;
				CLANG_WARN_BOOL_CONVERSION = YES;
				CLANG_WARN_COMMA = YES;
				CLANG_WARN_CONSTANT_CONVERSION = YES;
				CLANG_WARN_DEPRECATED_OBJC_IMPLEMENTATIONS = YES;
				CLANG_WARN_DIRECT_OBJC_ISA_USAGE = YES_ERROR;
				CLANG_WARN_DOCUMENTATION_COMMENTS = YES;
				CLANG_WARN_EMPTY_BODY = YES;
				CLANG_WARN_ENUM_CONVERSION = YES;
				CLANG_WARN_INFINITE_RECURSION = YES;
				CLANG_WARN_INT_CONVERSION = YES;
				CLANG_WARN_NON_LITERAL_NULL_CONVERSION = YES;
				CLANG_WARN_OBJC_IMPLICIT_RETAIN_SELF = YES;
				CLANG_WARN_OBJC_LITERAL_CONVERSION = YES;
				CLANG_WARN_OBJC_ROOT_CLASS = YES_ERROR;
				CLANG_WARN_QUOTED_INCLUDE_IN_FRAMEWORK_HEADER = YES;
				CLANG_WARN_RANGE_LOOP_ANALYSIS = YES;
				CLANG_WARN_STRICT_PROTOTYPES = YES;
				CLANG_WARN_SUSPICIOUS_MOVE = YES;
				CLANG_WARN_UNGUARDED_AVAILABILITY = YES_AGGRESSIVE;
				CLANG_WARN_UNREACHABLE_CODE = YES;
				CLANG_WARN__DUPLICATE_METHOD_MATCH = YES;
				COPY_PHASE_STRIP = NO;
				DEBUG_INFORMATION_FORMAT = "dwarf-with-dsym";
				ENABLE_NS_ASSERTIONS = NO;
				ENABLE_STRICT_OBJC_MSGSEND = YES;
				ENABLE_USER_SCRIPT_SANDBOXING = YES;
				GCC_C_LANGUAGE_STANDARD = gnu17;
				GCC_NO_COMMON_BLOCKS = YES;
				GCC_WARN_64_TO_32_BIT_CONVERSION = YES;
				GCC_WARN_ABOUT_RETURN_TYPE = YES_ERROR;
				GCC_WARN_UNDECLARED_SELECTOR = YES;
				GCC_WARN_UNINITIALIZED_AUTOS = YES_AGGRESSIVE;
				GCC_WARN_UNUSED_FUNCTION = YES;
				GCC_WARN_UNUSED_VARIABLE = YES;
				LOCALIZATION_PREFERS_STRING_CATALOGS = YES;
				MACOSX_DEPLOYMENT_TARGET = 15.1;
				MTL_ENABLE_DEBUG_INFO = NO;
				MTL_FAST_MATH = YES;
				SDKROOT = macosx;
				SWIFT_COMPILATION_MODE = wholemodule;
			};
			name = Release;
		};
		C4C1D2C72DB56806007D5A55 /* Debug */ = {
			isa = XCBuildConfiguration;
			buildSettings = {
				ASSETCATALOG_COMPILER_APPICON_NAME = AppIcon;
				ASSETCATALOG_COMPILER_GLOBAL_ACCENT_COLOR_NAME = AccentColor;
				ASSETCATALOG_COMPILER_INCLUDE_ALL_APPICON_ASSETS = NO;
				CODE_SIGN_ENTITLEMENTS = Dayflow/Dayflow.entitlements;
				CODE_SIGN_IDENTITY = "-";
				"CODE_SIGN_IDENTITY[sdk=macosx*]" = "-";
				CODE_SIGN_STYLE = Automatic;
				COMBINE_HIDPI_IMAGES = YES;
				CURRENT_PROJECT_VERSION = 90;
				DEVELOPMENT_ASSET_PATHS = "\"Dayflow/Preview Content\"";
				DEVELOPMENT_TEAM = "";
				ENABLE_HARDENED_RUNTIME = NO;
				ENABLE_PREVIEWS = YES;
				GENERATE_INFOPLIST_FILE = YES;
				INFOPLIST_FILE = Dayflow/Info.plist;
				INFOPLIST_KEY_LSUIElement = NO;
				INFOPLIST_KEY_NSHumanReadableCopyright = "";
				LD_RUNPATH_SEARCH_PATHS = (
					"$(inherited)",
					"@executable_path/../Frameworks",
				);
				MACOSX_DEPLOYMENT_TARGET = 14.0;
				MARKETING_VERSION = 1.7.0;
				PRODUCT_BUNDLE_IDENTIFIER = teleportlabs.com.Dayflow;
				PRODUCT_NAME = "$(TARGET_NAME)";
				PROVISIONING_PROFILE_SPECIFIER = "";
				SWIFT_EMIT_LOC_STRINGS = YES;
				SWIFT_VERSION = 5.0;
			};
			name = Debug;
		};
		C4C1D2C82DB56806007D5A55 /* Release */ = {
			isa = XCBuildConfiguration;
			buildSettings = {
				ASSETCATALOG_COMPILER_APPICON_NAME = AppIcon;
				ASSETCATALOG_COMPILER_GLOBAL_ACCENT_COLOR_NAME = AccentColor;
				ASSETCATALOG_COMPILER_INCLUDE_ALL_APPICON_ASSETS = NO;
				CODE_SIGN_ENTITLEMENTS = Dayflow/Dayflow.entitlements;
				CODE_SIGN_IDENTITY = "-";
				"CODE_SIGN_IDENTITY[sdk=macosx*]" = "-";
				CODE_SIGN_STYLE = Automatic;
				COMBINE_HIDPI_IMAGES = YES;
				CURRENT_PROJECT_VERSION = 90;
				DEVELOPMENT_ASSET_PATHS = "\"Dayflow/Preview Content\"";
				DEVELOPMENT_TEAM = "";
				ENABLE_HARDENED_RUNTIME = NO;
				ENABLE_PREVIEWS = YES;
				GENERATE_INFOPLIST_FILE = YES;
				INFOPLIST_FILE = Dayflow/Info.plist;
				INFOPLIST_KEY_LSUIElement = NO;
				INFOPLIST_KEY_NSHumanReadableCopyright = "";
				LD_RUNPATH_SEARCH_PATHS = (
					"$(inherited)",
					"@executable_path/../Frameworks",
				);
				MACOSX_DEPLOYMENT_TARGET = 14.0;
				MARKETING_VERSION = 1.7.0;
				PRODUCT_BUNDLE_IDENTIFIER = teleportlabs.com.Dayflow;
				PRODUCT_NAME = "$(TARGET_NAME)";
				PROVISIONING_PROFILE_SPECIFIER = "";
				SWIFT_EMIT_LOC_STRINGS = YES;
				SWIFT_VERSION = 5.0;
			};
			name = Release;
		};
		C4C1D2CA2DB56806007D5A55 /* Debug */ = {
			isa = XCBuildConfiguration;
			buildSettings = {
				BUNDLE_LOADER = "$(TEST_HOST)";
				CODE_SIGN_STYLE = Automatic;
				CURRENT_PROJECT_VERSION = 90;
				DEVELOPMENT_TEAM = "";
				GENERATE_INFOPLIST_FILE = YES;
				MACOSX_DEPLOYMENT_TARGET = 15.1;
				MARKETING_VERSION = 1.7.0;
				PRODUCT_BUNDLE_IDENTIFIER = teleportlabs.com.AmiTimeTests;
				PRODUCT_NAME = "$(TARGET_NAME)";
				SWIFT_EMIT_LOC_STRINGS = NO;
				SWIFT_VERSION = 5.0;
				TEST_HOST = "$(BUILT_PRODUCTS_DIR)/Dayflow.app/$(BUNDLE_EXECUTABLE_FOLDER_PATH)/Dayflow";
			};
			name = Debug;
		};
		C4C1D2CB2DB56806007D5A55 /* Release */ = {
			isa = XCBuildConfiguration;
			buildSettings = {
				BUNDLE_LOADER = "$(TEST_HOST)";
				CODE_SIGN_STYLE = Automatic;
				CURRENT_PROJECT_VERSION = 90;
				DEVELOPMENT_TEAM = "";
				GENERATE_INFOPLIST_FILE = YES;
				MACOSX_DEPLOYMENT_TARGET = 15.1;
				MARKETING_VERSION = 1.7.0;
				PRODUCT_BUNDLE_IDENTIFIER = teleportlabs.com.AmiTimeTests;
				PRODUCT_NAME = "$(TARGET_NAME)";
				SWIFT_EMIT_LOC_STRINGS = NO;
				SWIFT_VERSION = 5.0;
				TEST_HOST = "$(BUILT_PRODUCTS_DIR)/Dayflow.app/$(BUNDLE_EXECUTABLE_FOLDER_PATH)/Dayflow";
			};
			name = Release;
		};
		C4C1D2CD2DB56806007D5A55 /* Debug */ = {
			isa = XCBuildConfiguration;
			buildSettings = {
				CODE_SIGN_STYLE = Automatic;
				CURRENT_PROJECT_VERSION = 90;
				DEVELOPMENT_TEAM = "";
				GENERATE_INFOPLIST_FILE = YES;
				MARKETING_VERSION = 1.7.0;
				PRODUCT_BUNDLE_IDENTIFIER = teleportlabs.com.AmiTimeUITests;
				PRODUCT_NAME = "$(TARGET_NAME)";
				SWIFT_EMIT_LOC_STRINGS = NO;
				SWIFT_VERSION = 5.0;
				TEST_TARGET_NAME = Dayflow;
			};
			name = Debug;
		};
		C4C1D2CE2DB56806007D5A55 /* Release */ = {
			isa = XCBuildConfiguration;
			buildSettings = {
				CODE_SIGN_STYLE = Automatic;
				CURRENT_PROJECT_VERSION = 90;
				DEVELOPMENT_TEAM = "";
				GENERATE_INFOPLIST_FILE = YES;
				MARKETING_VERSION = 1.7.0;
				PRODUCT_BUNDLE_IDENTIFIER = teleportlabs.com.AmiTimeUITests;
				PRODUCT_NAME = "$(TARGET_NAME)";
				SWIFT_EMIT_LOC_STRINGS = NO;
				SWIFT_VERSION = 5.0;
				TEST_TARGET_NAME = Dayflow;
			};
			name = Release;
		};
/* End XCBuildConfiguration section */

/* Begin XCConfigurationList section */
		C4C1D29C2DB56805007D5A55 /* Build configuration list for PBXProject "Dayflow" */ = {
			isa = XCConfigurationList;
			buildConfigurations = (
				C4C1D2C42DB56806007D5A55 /* Debug */,
				C4C1D2C52DB56806007D5A55 /* Release */,
			);
			defaultConfigurationIsVisible = 0;
			defaultConfigurationName = Release;
		};
		C4C1D2C62DB56806007D5A55 /* Build configuration list for PBXNativeTarget "Dayflow" */ = {
			isa = XCConfigurationList;
			buildConfigurations = (
				C4C1D2C72DB56806007D5A55 /* Debug */,
				C4C1D2C82DB56806007D5A55 /* Release */,
			);
			defaultConfigurationIsVisible = 0;
			defaultConfigurationName = Release;
		};
		C4C1D2C92DB56806007D5A55 /* Build configuration list for PBXNativeTarget "DayflowTests" */ = {
			isa = XCConfigurationList;
			buildConfigurations = (
				C4C1D2CA2DB56806007D5A55 /* Debug */,
				C4C1D2CB2DB56806007D5A55 /* Release */,
			);
			defaultConfigurationIsVisible = 0;
			defaultConfigurationName = Release;
		};
		C4C1D2CC2DB56806007D5A55 /* Build configuration list for PBXNativeTarget "DayflowUITests" */ = {
			isa = XCConfigurationList;
			buildConfigurations = (
				C4C1D2CD2DB56806007D5A55 /* Debug */,
				C4C1D2CE2DB56806007D5A55 /* Release */,
			);
			defaultConfigurationIsVisible = 0;
			defaultConfigurationName = Release;
		};
/* End XCConfigurationList section */

/* Begin XCRemoteSwiftPackageReference section */
		C4D74EAF2E3608B5005E3CD7 /* XCRemoteSwiftPackageReference "Sparkle" */ = {
			isa = XCRemoteSwiftPackageReference;
			repositoryURL = "https://github.com/sparkle-project/Sparkle";
			requirement = {
				kind = upToNextMajorVersion;
				minimumVersion = 2.7.1;
			};
		};
		C4EBF0002DBDF82000FC5824 /* XCRemoteSwiftPackageReference "GRDB" */ = {
			isa = XCRemoteSwiftPackageReference;
			repositoryURL = "https://github.com/groue/GRDB.swift";
			requirement = {
				branch = master;
				kind = branch;
			};
		};
/* End XCRemoteSwiftPackageReference section */

/* Begin XCSwiftPackageProductDependency section */
		C4D74EB02E3608B5005E3CD7 /* Sparkle */ = {
			isa = XCSwiftPackageProductDependency;
			package = C4D74EAF2E3608B5005E3CD7 /* XCRemoteSwiftPackageReference "Sparkle" */;
			productName = Sparkle;
		};
		C4EBF0012DBDF82000FC5824 /* GRDB */ = {
			isa = XCSwiftPackageProductDependency;
			package = C4EBF0002DBDF82000FC5824 /* XCRemoteSwiftPackageReference "GRDB" */;
			productName = GRDB;
		};
/* End XCSwiftPackageProductDependency section */
	};
	rootObject = C4C1D2992DB56805007D5A55 /* Project object */;
}
